// !$*UTF8*$!
{
	archiveVersion = 1;
	classes = {
	};
	objectVersion = 50;
	objects = {

/* Begin PBXBuildFile section */
		16D91A7120E47D9E00CC35A1 /* AppDelegate.swift in Sources */ = {isa = PBXBuildFile; fileRef = 16D91A7020E47D9E00CC35A1 /* AppDelegate.swift */; };
		16D91A7320E47D9E00CC35A1 /* ViewController.swift in Sources */ = {isa = PBXBuildFile; fileRef = 16D91A7220E47D9E00CC35A1 /* ViewController.swift */; };
		16D91A7620E47D9E00CC35A1 /* Main.storyboard in Resources */ = {isa = PBXBuildFile; fileRef = 16D91A7420E47D9E00CC35A1 /* Main.storyboard */; };
		16D91A7820E47D9F00CC35A1 /* Assets.xcassets in Resources */ = {isa = PBXBuildFile; fileRef = 16D91A7720E47D9F00CC35A1 /* Assets.xcassets */; };
		16D91A7B20E47D9F00CC35A1 /* LaunchScreen.storyboard in Resources */ = {isa = PBXBuildFile; fileRef = 16D91A7920E47D9F00CC35A1 /* LaunchScreen.storyboard */; };
		68B22124BA4FA7CF1615FE2B /* Pods_GPUImageDemo2.framework in Frameworks */ = {isa = PBXBuildFile; fileRef = 3C926ABC4287D7C8E495C79F /* Pods_GPUImageDemo2.framework */; };
/* End PBXBuildFile section */

/* Begin PBXFileReference section */
		16D91A6D20E47D9E00CC35A1 /* GPUImageDemo2.app */ = {isa = PBXFileReference; explicitFileType = wrapper.application; includeInIndex = 0; path = GPUImageDemo2.app; sourceTree = BUILT_PRODUCTS_DIR; };
		16D91A7020E47D9E00CC35A1 /* AppDelegate.swift */ = {isa = PBXFileReference; lastKnownFileType = sourcecode.swift; path = AppDelegate.swift; sourceTree = "<group>"; };
		16D91A7220E47D9E00CC35A1 /* ViewController.swift */ = {isa = PBXFileReference; lastKnownFileType = sourcecode.swift; path = ViewController.swift; sourceTree = "<group>"; };
		16D91A7520E47D9E00CC35A1 /* Base */ = {isa = PBXFileReference; lastKnownFileType = file.storyboard; name = Base; path = Base.lproj/Main.storyboard; sourceTree = "<group>"; };
		16D91A7720E47D9F00CC35A1 /* Assets.xcassets */ = {isa = PBXFileReference; lastKnownFileType = folder.assetcatalog; path = Assets.xcassets; sourceTree = "<group>"; };
		16D91A7A20E47D9F00CC35A1 /* Base */ = {isa = PBXFileReference; lastKnownFileType = file.storyboard; name = Base; path = Base.lproj/LaunchScreen.storyboard; sourceTree = "<group>"; };
		16D91A7C20E47D9F00CC35A1 /* Info.plist */ = {isa = PBXFileReference; lastKnownFileType = text.plist.xml; path = Info.plist; sourceTree = "<group>"; };
		3C926ABC4287D7C8E495C79F /* Pods_GPUImageDemo2.framework */ = {isa = PBXFileReference; explicitFileType = wrapper.framework; includeInIndex = 0; path = Pods_GPUImageDemo2.framework; sourceTree = BUILT_PRODUCTS_DIR; };
		71C1872ADD96BE6FA425D3F6 /* Pods-GPUImageDemo2.release.xcconfig */ = {isa = PBXFileReference; includeInIndex = 1; lastKnownFileType = text.xcconfig; name = "Pods-GPUImageDemo2.release.xcconfig"; path = "Pods/Target Support Files/Pods-GPUImageDemo2/Pods-GPUImageDemo2.release.xcconfig"; sourceTree = "<group>"; };
		F235896FEDB9B6920ACBC0DB /* Pods-GPUImageDemo2.debug.xcconfig */ = {isa = PBXFileReference; includeInIndex = 1; lastKnownFileType = text.xcconfig; name = "Pods-GPUImageDemo2.debug.xcconfig"; path = "Pods/Target Support Files/Pods-GPUImageDemo2/Pods-GPUImageDemo2.debug.xcconfig"; sourceTree = "<group>"; };
/* End PBXFileReference section */

/* Begin PBXFrameworksBuildPhase section */
		16D91A6A20E47D9E00CC35A1 /* Frameworks */ = {
			isa = PBXFrameworksBuildPhase;
			buildActionMask = 2147483647;
			files = (
				68B22124BA4FA7CF1615FE2B /* Pods_GPUImageDemo2.framework in Frameworks */,
			);
			runOnlyForDeploymentPostprocessing = 0;
		};
/* End PBXFrameworksBuildPhase section */

/* Begin PBXGroup section */
		16D91A6420E47D9E00CC35A1 = {
			isa = PBXGroup;
			children = (
				16D91A6F20E47D9E00CC35A1 /* GPUImageDemo2 */,
				16D91A6E20E47D9E00CC35A1 /* Products */,
				A167F05E8A9914F80DBCC4EB /* Pods */,
				792E4D18EAB9B577E03BC82F /* Frameworks */,
			);
			sourceTree = "<group>";
		};
		16D91A6E20E47D9E00CC35A1 /* Products */ = {
			isa = PBXGroup;
			children = (
				16D91A6D20E47D9E00CC35A1 /* GPUImageDemo2.app */,
			);
			name = Products;
			sourceTree = "<group>";
		};
		16D91A6F20E47D9E00CC35A1 /* GPUImageDemo2 */ = {
			isa = PBXGroup;
			children = (
				16D91A7020E47D9E00CC35A1 /* AppDelegate.swift */,
				16D91A7220E47D9E00CC35A1 /* ViewController.swift */,
				16D91A7420E47D9E00CC35A1 /* Main.storyboard */,
				16D91A7720E47D9F00CC35A1 /* Assets.xcassets */,
				16D91A7920E47D9F00CC35A1 /* LaunchScreen.storyboard */,
				16D91A7C20E47D9F00CC35A1 /* Info.plist */,
			);
			path = GPUImageDemo2;
			sourceTree = "<group>";
		};
		792E4D18EAB9B577E03BC82F /* Frameworks */ = {
			isa = PBXGroup;
			children = (
				3C926ABC4287D7C8E495C79F /* Pods_GPUImageDemo2.framework */,
			);
			name = Frameworks;
			sourceTree = "<group>";
		};
		A167F05E8A9914F80DBCC4EB /* Pods */ = {
			isa = PBXGroup;
			children = (
				F235896FEDB9B6920ACBC0DB /* Pods-GPUImageDemo2.debug.xcconfig */,
				71C1872ADD96BE6FA425D3F6 /* Pods-GPUImageDemo2.release.xcconfig */,
			);
			name = Pods;
			sourceTree = "<group>";
		};
/* End PBXGroup section */

/* Begin PBXNativeTarget section */
		16D91A6C20E47D9E00CC35A1 /* GPUImageDemo2 */ = {
			isa = PBXNativeTarget;
			buildConfigurationList = 16D91A7F20E47D9F00CC35A1 /* Build configuration list for PBXNativeTarget "GPUImageDemo2" */;
			buildPhases = (
				C04C117F7EA6ACCCC7C05ADA /* [CP] Check Pods Manifest.lock */,
				16D91A6920E47D9E00CC35A1 /* Sources */,
				16D91A6A20E47D9E00CC35A1 /* Frameworks */,
				16D91A6B20E47D9E00CC35A1 /* Resources */,
				9A82748EBCF05D2B5F394B49 /* [CP] Embed Pods Frameworks */,
				9AF6BEFE76FBC18F983CBB47 /* [CP] Copy Pods Resources */,
			);
			buildRules = (
			);
			dependencies = (
			);
			name = GPUImageDemo2;
			productName = GPUImageDemo2;
			productReference = 16D91A6D20E47D9E00CC35A1 /* GPUImageDemo2.app */;
			productType = "com.apple.product-type.application";
		};
/* End PBXNativeTarget section */

/* Begin PBXProject section */
		16D91A6520E47D9E00CC35A1 /* Project object */ = {
			isa = PBXProject;
			attributes = {
				LastSwiftUpdateCheck = 0940;
				LastUpgradeCheck = 0940;
				ORGANIZATIONNAME = Qiao;
				TargetAttributes = {
					16D91A6C20E47D9E00CC35A1 = {
						CreatedOnToolsVersion = 9.4;
					};
				};
			};
			buildConfigurationList = 16D91A6820E47D9E00CC35A1 /* Build configuration list for PBXProject "GPUImageDemo2" */;
			compatibilityVersion = "Xcode 9.3";
			developmentRegion = en;
			hasScannedForEncodings = 0;
			knownRegions = (
				en,
				Base,
			);
			mainGroup = 16D91A6420E47D9E00CC35A1;
			productRefGroup = 16D91A6E20E47D9E00CC35A1 /* Products */;
			projectDirPath = "";
			projectRoot = "";
			targets = (
				16D91A6C20E47D9E00CC35A1 /* GPUImageDemo2 */,
			);
		};
/* End PBXProject section */

/* Begin PBXResourcesBuildPhase section */
		16D91A6B20E47D9E00CC35A1 /* Resources */ = {
			isa = PBXResourcesBuildPhase;
			buildActionMask = 2147483647;
			files = (
				16D91A7B20E47D9F00CC35A1 /* LaunchScreen.storyboard in Resources */,
				16D91A7820E47D9F00CC35A1 /* Assets.xcassets in Resources */,
				16D91A7620E47D9E00CC35A1 /* Main.storyboard in Resources */,
			);
			runOnlyForDeploymentPostprocessing = 0;
		};
/* End PBXResourcesBuildPhase section */

/* Begin PBXShellScriptBuildPhase section */
		9A82748EBCF05D2B5F394B49 /* [CP] Embed Pods Frameworks */ = {
			isa = PBXShellScriptBuildPhase;
			buildActionMask = 2147483647;
			files = (
			);
			inputPaths = (
				"${SRCROOT}/Pods/Target Support Files/Pods-GPUImageDemo2/Pods-GPUImageDemo2-frameworks.sh",
				"${BUILT_PRODUCTS_DIR}/GPUImage/GPUImage.framework",
			);
			name = "[CP] Embed Pods Frameworks";
			outputPaths = (
				"${TARGET_BUILD_DIR}/${FRAMEWORKS_FOLDER_PATH}/GPUImage.framework",
			);
			runOnlyForDeploymentPostprocessing = 0;
			shellPath = /bin/sh;
			shellScript = "\"${SRCROOT}/Pods/Target Support Files/Pods-GPUImageDemo2/Pods-GPUImageDemo2-frameworks.sh\"\n";
			showEnvVarsInLog = 0;
		};
		9AF6BEFE76FBC18F983CBB47 /* [CP] Copy Pods Resources */ = {
			isa = PBXShellScriptBuildPhase;
			buildActionMask = 2147483647;
			files = (
			);
			inputPaths = (
			);
			name = "[CP] Copy Pods Resources";
			outputPaths = (
			);
			runOnlyForDeploymentPostprocessing = 0;
			shellPath = /bin/sh;
			shellScript = "\"${SRCROOT}/Pods/Target Support Files/Pods-GPUImageDemo2/Pods-GPUImageDemo2-resources.sh\"\n";
			showEnvVarsInLog = 0;
		};
		C04C117F7EA6ACCCC7C05ADA /* [CP] Check Pods Manifest.lock */ = {
			isa = PBXShellScriptBuildPhase;
			buildActionMask = 2147483647;
			files = (
			);
			inputPaths = (
				"${PODS_PODFILE_DIR_PATH}/Podfile.lock",
				"${PODS_ROOT}/Manifest.lock",
			);
			name = "[CP] Check Pods Manifest.lock";
			outputPaths = (
				"$(DERIVED_FILE_DIR)/Pods-GPUImageDemo2-checkManifestLockResult.txt",
			);
			runOnlyForDeploymentPostprocessing = 0;
			shellPath = /bin/sh;
			shellScript = "diff \"${PODS_PODFILE_DIR_PATH}/Podfile.lock\" \"${PODS_ROOT}/Manifest.lock\" > /dev/null\nif [ $? != 0 ] ; then\n    # print error to STDERR\n    echo \"error: The sandbox is not in sync with the Podfile.lock. Run 'pod install' or update your CocoaPods installation.\" >&2\n    exit 1\nfi\n# This output is used by Xcode 'outputs' to avoid re-running this script phase.\necho \"SUCCESS\" > \"${SCRIPT_OUTPUT_FILE_0}\"\n";
			showEnvVarsInLog = 0;
		};
/* End PBXShellScriptBuildPhase section */

/* Begin PBXSourcesBuildPhase section */
		16D91A6920E47D9E00CC35A1 /* Sources */ = {
			isa = PBXSourcesBuildPhase;
			buildActionMask = 2147483647;
			files = (
				16D91A7320E47D9E00CC35A1 /* ViewController.swift in Sources */,
				16D91A7120E47D9E00CC35A1 /* AppDelegate.swift in Sources */,
			);
			runOnlyForDeploymentPostprocessing = 0;
		};
/* End PBXSourcesBuildPhase section */

/* Begin PBXVariantGroup section */
		16D91A7420E47D9E00CC35A1 /* Main.storyboard */ = {
			isa = PBXVariantGroup;
			children = (
				16D91A7520E47D9E00CC35A1 /* Base */,
			);
			name = Main.storyboard;
			sourceTree = "<group>";
		};
		16D91A7920E47D9F00CC35A1 /* LaunchScreen.storyboard */ = {
			isa = PBXVariantGroup;
			children = (
				16D91A7A20E47D9F00CC35A1 /* Base */,
			);
			name = LaunchScreen.storyboard;
			sourceTree = "<group>";
		};
/* End PBXVariantGroup section */

/* Begin XCBuildConfiguration section */
		16D91A7D20E47D9F00CC35A1 /* Debug */ = {
			isa = XCBuildConfiguration;
			buildSettings = {
				ALWAYS_SEARCH_USER_PATHS = NO;
				CLANG_ANALYZER_NONNULL = YES;
				CLANG_ANALYZER_NUMBER_OBJECT_CONVERSION = YES_AGGRESSIVE;
				CLANG_CXX_LANGUAGE_STANDARD = "gnu++14";
				CLANG_CXX_LIBRARY = "libc++";
				CLANG_ENABLE_MODULES = YES;
				CLANG_ENABLE_OBJC_ARC = YES;
				CLANG_ENABLE_OBJC_WEAK = YES;
				CLANG_WARN_BLOCK_CAPTURE_AUTORELEASING = YES;
				CLANG_WARN_BOOL_CONVERSION = YES;
				CLANG_WARN_COMMA = YES;
				CLANG_WARN_CONSTANT_CONVERSION = YES;
				CLANG_WARN_DEPRECATED_OBJC_IMPLEMENTATIONS = YES;
				CLANG_WARN_DIRECT_OBJC_ISA_USAGE = YES_ERROR;
				CLANG_WARN_DOCUMENTATION_COMMENTS = YES;
				CLANG_WARN_EMPTY_BODY = YES;
				CLANG_WARN_ENUM_CONVERSION = YES;
				CLANG_WARN_INFINITE_RECURSION = YES;
				CLANG_WARN_INT_CONVERSION = YES;
				CLANG_WARN_NON_LITERAL_NULL_CONVERSION = YES;
				CLANG_WARN_OBJC_IMPLICIT_RETAIN_SELF = YES;
				CLANG_WARN_OBJC_LITERAL_CONVERSION = YES;
				CLANG_WARN_OBJC_ROOT_CLASS = YES_ERROR;
				CLANG_WARN_RANGE_LOOP_ANALYSIS = YES;
				CLANG_WARN_STRICT_PROTOTYPES = YES;
				CLANG_WARN_SUSPICIOUS_MOVE = YES;
				CLANG_WARN_UNGUARDED_AVAILABILITY = YES_AGGRESSIVE;
				CLANG_WARN_UNREACHABLE_CODE = YES;
				CLANG_WARN__DUPLICATE_METHOD_MATCH = YES;
				CODE_SIGN_IDENTITY = "iPhone Developer";
				COPY_PHASE_STRIP = NO;
				DEBUG_INFORMATION_FORMAT = dwarf;
				ENABLE_STRICT_OBJC_MSGSEND = YES;
				ENABLE_TESTABILITY = YES;
				GCC_C_LANGUAGE_STANDARD = gnu11;
				GCC_DYNAMIC_NO_PIC = NO;
				GCC_NO_COMMON_BLOCKS = YES;
				GCC_OPTIMIZATION_LEVEL = 0;
				GCC_PREPROCESSOR_DEFINITIONS = (
					"DEBUG=1",
					"$(inherited)",
				);
				GCC_WARN_64_TO_32_BIT_CONVERSION = YES;
				GCC_WARN_ABOUT_RETURN_TYPE = YES_ERROR;
				GCC_WARN_UNDECLARED_SELECTOR = YES;
				GCC_WARN_UNINITIALIZED_AUTOS = YES_AGGRESSIVE;
				GCC_WARN_UNUSED_FUNCTION = YES;
				GCC_WARN_UNUSED_VARIABLE = YES;
				IPHONEOS_DEPLOYMENT_TARGET = 11.4;
				MTL_ENABLE_DEBUG_INFO = YES;
				ONLY_ACTIVE_ARCH = YES;
				SDKROOT = iphoneos;
				SWIFT_ACTIVE_COMPILATION_CONDITIONS = DEBUG;
				SWIFT_OPTIMIZATION_LEVEL = "-Onone";
			};
			name = Debug;
		};
		16D91A7E20E47D9F00CC35A1 /* Release */ = {
			isa = XCBuildConfiguration;
			buildSettings = {
				ALWAYS_SEARCH_USER_PATHS = NO;
				CLANG_ANALYZER_NONNULL = YES;
				CLANG_ANALYZER_NUMBER_OBJECT_CONVERSION = YES_AGGRESSIVE;
				CLANG_CXX_LANGUAGE_STANDARD = "gnu++14";
				CLANG_CXX_LIBRARY = "libc++";
				CLANG_ENABLE_MODULES = YES;
				CLANG_ENABLE_OBJC_ARC = YES;
				CLANG_ENABLE_OBJC_WEAK = YES;
				CLANG_WARN_BLOCK_CAPTURE_AUTORELEASING = YES;
				CLANG_WARN_BOOL_CONVERSION = YES;
				CLANG_WARN_COMMA = YES;
				CLANG_WARN_CONSTANT_CONVERSION = YES;
				CLANG_WARN_DEPRECATED_OBJC_IMPLEMENTATIONS = YES;
				CLANG_WARN_DIRECT_OBJC_ISA_USAGE = YES_ERROR;
				CLANG_WARN_DOCUMENTATION_COMMENTS = YES;
				CLANG_WARN_EMPTY_BODY = YES;
				CLANG_WARN_ENUM_CONVERSION = YES;
				CLANG_WARN_INFINITE_RECURSION = YES;
				CLANG_WARN_INT_CONVERSION = YES;
				CLANG_WARN_NON_LITERAL_NULL_CONVERSION = YES;
				CLANG_WARN_OBJC_IMPLICIT_RETAIN_SELF = YES;
				CLANG_WARN_OBJC_LITERAL_CONVERSION = YES;
				CLANG_WARN_OBJC_ROOT_CLASS = YES_ERROR;
				CLANG_WARN_RANGE_LOOP_ANALYSIS = YES;
				CLANG_WARN_STRICT_PROTOTYPES = YES;
				CLANG_WARN_SUSPICIOUS_MOVE = YES;
				CLANG_WARN_UNGUARDED_AVAILABILITY = YES_AGGRESSIVE;
				CLANG_WARN_UNREACHABLE_CODE = YES;
				CLANG_WARN__DUPLICATE_METHOD_MATCH = YES;
				CODE_SIGN_IDENTITY = "iPhone Developer";
				COPY_PHASE_STRIP = NO;
				DEBUG_INFORMATION_FORMAT = "dwarf-with-dsym";
				ENABLE_NS_ASSERTIONS = NO;
				ENABLE_STRICT_OBJC_MSGSEND = YES;
				GCC_C_LANGUAGE_STANDARD = gnu11;
				GCC_NO_COMMON_BLOCKS = YES;
				GCC_WARN_64_TO_32_BIT_CONVERSION = YES;
				GCC_WARN_ABOUT_RETURN_TYPE = YES_ERROR;
				GCC_WARN_UNDECLARED_SELECTOR = YES;
				GCC_WARN_UNINITIALIZED_AUTOS = YES_AGGRESSIVE;
				GCC_WARN_UNUSED_FUNCTION = YES;
				GCC_WARN_UNUSED_VARIABLE = YES;
				IPHONEOS_DEPLOYMENT_TARGET = 11.4;
				MTL_ENABLE_DEBUG_INFO = NO;
				SDKROOT = iphoneos;
				SWIFT_COMPILATION_MODE = wholemodule;
				SWIFT_OPTIMIZATION_LEVEL = "-O";
				VALIDATE_PRODUCT = YES;
			};
			name = Release;
		};
		16D91A8020E47D9F00CC35A1 /* Debug */ = {
			isa = XCBuildConfiguration;
			baseConfigurationReference = F235896FEDB9B6920ACBC0DB /* Pods-GPUImageDemo2.debug.xcconfig */;
			buildSettings = {
				ASSETCATALOG_COMPILER_APPICON_NAME = AppIcon;
				CODE_SIGN_STYLE = Automatic;
				DEVELOPMENT_TEAM = D6LES3NZQY;
				INFOPLIST_FILE = GPUImageDemo2/Info.plist;
				IPHONEOS_DEPLOYMENT_TARGET = 9.2;
				LD_RUNPATH_SEARCH_PATHS = (
					"$(inherited)",
					"@executable_path/Frameworks",
				);
				PRODUCT_BUNDLE_IDENTIFIER = Qiao.GPUImageDemo2;
				PRODUCT_NAME = "$(TARGET_NAME)";
				SWIFT_VERSION = 4.0;
				TARGETED_DEVICE_FAMILY = "1,2";
			};
			name = Debug;
		};
		16D91A8120E47D9F00CC35A1 /* Release */ = {
			isa = XCBuildConfiguration;
			baseConfigurationReference = 71C1872ADD96BE6FA425D3F6 /* Pods-GPUImageDemo2.release.xcconfig */;
			buildSettings = {
				ASSETCATALOG_COMPILER_APPICON_NAME = AppIcon;
				CODE_SIGN_STYLE = Automatic;
				DEVELOPMENT_TEAM = D6LES3NZQY;
				INFOPLIST_FILE = GPUImageDemo2/Info.plist;
				IPHONEOS_DEPLOYMENT_TARGET = 9.2;
				LD_RUNPATH_SEARCH_PATHS = (
					"$(inherited)",
					"@executable_path/Frameworks",
				);
				PRODUCT_BUNDLE_IDENTIFIER = Qiao.GPUImageDemo2;
				PRODUCT_NAME = "$(TARGET_NAME)";
				SWIFT_VERSION = 4.0;
				TARGETED_DEVICE_FAMILY = "1,2";
			};
			name = Release;
		};
/* End XCBuildConfiguration section */

/* Begin XCConfigurationList section */
		16D91A6820E47D9E00CC35A1 /* Build configuration list for PBXProject "GPUImageDemo2" */ = {
			isa = XCConfigurationList;
			buildConfigurations = (
				16D91A7D20E47D9F00CC35A1 /* Debug */,
				16D91A7E20E47D9F00CC35A1 /* Release */,
			);
			defaultConfigurationIsVisible = 0;
			defaultConfigurationName = Release;
		};
		16D91A7F20E47D9F00CC35A1 /* Build configuration list for PBXNativeTarget "GPUImageDemo2" */ = {
			isa = XCConfigurationList;
			buildConfigurations = (
				16D91A8020E47D9F00CC35A1 /* Debug */,
				16D91A8120E47D9F00CC35A1 /* Release */,
			);
			defaultConfigurationIsVisible = 0;
			defaultConfigurationName = Release;
		};
/* End XCConfigurationList section */
	};
	rootObject = 16D91A6520E47D9E00CC35A1 /* Project object */;
}
